
Microsoft Visual Studio Solution File, Format Version 12.00
# Visual Studio Version 16
VisualStudioVersion = 16.0.29102.190
MinimumVisualStudioVersion = 10.0.40219.1
Project("{FAE04EC0-301F-11D3-BF4B-00C04F79EFBC}") = "Household", "Household\Household.csproj", "{E2D2264C-C742-4721-A6B2-139016982BB9}"
EndProject
Global
	GlobalSection(SolutionConfigurationPlatforms) = preSolution
		Debug|Any CPU = Debug|Any CPU
		Release|Any CPU = Release|Any CPU
	EndGlobalSection
	GlobalSection(ProjectConfigurationPlatforms) = postSolution
		{E2D2264C-C742-4721-A6B2-139016982BB9}.Debug|Any CPU.ActiveCfg = Debug|Any CPU
		{E2D2264C-C742-4721-A6B2-139016982BB9}.Debug|Any CPU.Build.0 = Debug|Any CPU
		{E2D2264C-C742-4721-A6B2-139016982BB9}.Release|Any CPU.ActiveCfg = Release|Any CPU
		{E2D2264C-C742-4721-A6B2-139016982BB9}.Release|Any CPU.Build.0 = Release|Any CPU
	EndGlobalSection
	GlobalSection(SolutionProperties) = preSolution
		HideSolutionNode = FALSE
	EndGlobalSection
	GlobalSection(ExtensibilityGlobals) = postSolution
		SolutionGuid = {69DF8D08-3741-49D7-9739-B2BA3163A572}
	EndGlobalSection
EndGlobal
